
Microsoft Visual Studio Solution File, Format Version 12.00
# Visual Studio 14
VisualStudioVersion = 14.0.25420.1
MinimumVisualStudioVersion = 10.0.40219.1
Project("{FAE04EC0-301F-11D3-BF4B-00C04F79EFBC}") = "TaskManager", "TaskManager\TaskManager.csproj", "{112886FD-13E7-4099-87D3-318F5C53978E}"
EndProject
Project("{FAE04EC0-301F-11D3-BF4B-00C04F79EFBC}") = "TaskManager.Tests", "TaskManager.Tests\TaskManager.Tests.csproj", "{E591D9FF-8282-4F73-93FA-66208E79064B}"
EndProject
Global
	GlobalSection(SolutionConfigurationPlatforms) = preSolution
		Debug|Any CPU = Debug|Any CPU
		Release|Any CPU = Release|Any CPU
	EndGlobalSection
	GlobalSection(ProjectConfigurationPlatforms) = postSolution
		{112886FD-13E7-4099-87D3-318F5C53978E}.Debug|Any CPU.ActiveCfg = Debug|Any CPU
		{112886FD-13E7-4099-87D3-318F5C53978E}.Debug|Any CPU.Build.0 = Debug|Any CPU
		{112886FD-13E7-4099-87D3-318F5C53978E}.Release|Any CPU.ActiveCfg = Release|Any CPU
		{112886FD-13E7-4099-87D3-318F5C53978E}.Release|Any CPU.Build.0 = Release|Any CPU
		{E591D9FF-8282-4F73-93FA-66208E79064B}.Debug|Any CPU.ActiveCfg = Debug|Any CPU
		{E591D9FF-8282-4F73-93FA-66208E79064B}.Debug|Any CPU.Build.0 = Debug|Any CPU
		{E591D9FF-8282-4F73-93FA-66208E79064B}.Release|Any CPU.ActiveCfg = Release|Any CPU
		{E591D9FF-8282-4F73-93FA-66208E79064B}.Release|Any CPU.Build.0 = Release|Any CPU
	EndGlobalSection
	GlobalSection(SolutionProperties) = preSolution
		HideSolutionNode = FALSE
	EndGlobalSection
EndGlobal
